<?xml version="1.0" encoding="utf-8"?>
<Project ToolsVersion="4.0" xmlns="http://schemas.microsoft.com/developer/msbuild/2003">
  <ItemGroup>
    <Filter Include="Source Files">
      <UniqueIdentifier>{4FC737F1-C7A5-4376-A066-2A32D752A2FF}</UniqueIdentifier>
      <Extensions>cpp;c;cc;cxx;c++;cppm;ixx;def;odl;idl;hpj;bat;asm;asmx</Extensions>
    </Filter>
    <Filter Include="Resource Files">
      <UniqueIdentifier>{67DA6AB6-F800-4c08-8B7A-83BB121AAD01}</UniqueIdentifier>
      <Extensions>rc;ico;cur;bmp;dlg;rc2;rct;bin;rgs;gif;jpg;jpeg;jpe;resx;tiff;tif;png;wav;mfcribbon-ms</Extensions>
    </Filter>
    <Filter Include="Def Files">
      <UniqueIdentifier>{36cadb88-eb22-461e-872b-75224a4352c9}</UniqueIdentifier>
    </Filter>
    <Filter Include="Config Files">
      <UniqueIdentifier>{6f50ee3a-7964-4076-8ec7-755d557d0ac3}</UniqueIdentifier>
    </Filter>
    <Filter Include="Header Files">
      <UniqueIdentifier>{d1047679-0174-4d69-957e-f1cc89b653d7}</UniqueIdentifier>
    </Filter>
  </ItemGroup>
  <ItemGroup>
    <ClCompile Include="..\src\game.c">
      <Filter>Source Files</Filter>
    </ClCompile>
    <ClCompile Include="..\src\gf2d_draw.c">
      <Filter>Source Files</Filter>
    </ClCompile>
    <ClCompile Include="..\src\gf2d_graphics.c">
      <Filter>Source Files</Filter>
    </ClCompile>
    <ClCompile Include="..\src\gf2d_sprite.c">
      <Filter>Source Files</Filter>
    </ClCompile>
    <ClCompile Include="..\gfc\src\gfc_actions.c">
      <Filter>Source Files</Filter>
    </ClCompile>
    <ClCompile Include="..\gfc\src\gfc_audio.c">
      <Filter>Source Files</Filter>
    </ClCompile>
    <ClCompile Include="..\gfc\src\gfc_callbacks.c">
      <Filter>Source Files</Filter>
    </ClCompile>
    <ClCompile Include="..\gfc\src\gfc_color.c">
      <Filter>Source Files</Filter>
    </ClCompile>
    <ClCompile Include="..\gfc\src\gfc_config.c">
      <Filter>Source Files</Filter>
    </ClCompile>
    <ClCompile Include="..\gfc\src\gfc_config_def.c">
      <Filter>Source Files</Filter>
    </ClCompile>
    <ClCompile Include="..\gfc\src\gfc_decode.c">
      <Filter>Source Files</Filter>
    </ClCompile>
    <ClCompile Include="..\gfc\src\gfc_hashmap.c">
      <Filter>Source Files</Filter>
    </ClCompile>
    <ClCompile Include="..\gfc\src\gfc_input.c">
      <Filter>Source Files</Filter>
    </ClCompile>
    <ClCompile Include="..\gfc\src\gfc_list.c">
      <Filter>Source Files</Filter>
    </ClCompile>
    <ClCompile Include="..\gfc\src\gfc_matrix.c">
      <Filter>Source Files</Filter>
    </ClCompile>
    <ClCompile Include="..\gfc\src\gfc_noise.c">
      <Filter>Source Files</Filter>
    </ClCompile>
    <ClCompile Include="..\gfc\src\gfc_pak.c">
      <Filter>Source Files</Filter>
    </ClCompile>
    <ClCompile Include="..\gfc\src\gfc_primitives.c">
      <Filter>Source Files</Filter>
    </ClCompile>
    <ClCompile Include="..\gfc\src\gfc_shape.c">
      <Filter>Source Files</Filter>
    </ClCompile>
    <ClCompile Include="..\gfc\src\gfc_string.c">
      <Filter>Source Files</Filter>
    </ClCompile>
    <ClCompile Include="..\gfc\src\gfc_text.c">
      <Filter>Source Files</Filter>
    </ClCompile>
    <ClCompile Include="..\gfc\src\gfc_types.c">
      <Filter>Source Files</Filter>
    </ClCompile>
    <ClCompile Include="..\gfc\src\gfc_vector.c">
      <Filter>Source Files</Filter>
    </ClCompile>
    <ClCompile Include="..\gfc\src\miniz.c">
      <Filter>Source Files</Filter>
    </ClCompile>
    <ClCompile Include="..\gfc\simple_logger\src\simple_logger.c">
      <Filter>Source Files</Filter>
    </ClCompile>
    <ClCompile Include="..\gfc\simple_json\src\simple_json.c">
      <Filter>Source Files</Filter>
    </ClCompile>
    <ClCompile Include="..\gfc\simple_json\src\simple_json_array.c">
      <Filter>Source Files</Filter>
    </ClCompile>
    <ClCompile Include="..\gfc\simple_json\src\simple_json_error.c">
      <Filter>Source Files</Filter>
    </ClCompile>
    <ClCompile Include="..\gfc\simple_json\src\simple_json_list.c">
      <Filter>Source Files</Filter>
    </ClCompile>
    <ClCompile Include="..\gfc\simple_json\src\simple_json_object.c">
      <Filter>Source Files</Filter>
    </ClCompile>
    <ClCompile Include="..\gfc\simple_json\src\simple_json_parse.c">
      <Filter>Source Files</Filter>
    </ClCompile>
    <ClCompile Include="..\gfc\simple_json\src\simple_json_string.c">
      <Filter>Source Files</Filter>
    </ClCompile>
    <ClCompile Include="..\src\entity.c">
      <Filter>Source Files</Filter>
    </ClCompile>
    <ClCompile Include="..\src\player.c">
      <Filter>Source Files</Filter>
    </ClCompile>
    <ClCompile Include="..\src\monster.c">
      <Filter>Source Files</Filter>
    </ClCompile>
    <ClCompile Include="..\src\world.c">
      <Filter>Source Files</Filter>
    </ClCompile>
    <ClCompile Include="..\src\spawn.c">
      <Filter>Source Files</Filter>
    </ClCompile>
    <ClCompile Include="..\src\collision.c">
      <Filter>Source Files</Filter>
    </ClCompile>
    <ClCompile Include="..\src\ui.c">
      <Filter>Source Files</Filter>
    </ClCompile>
    <ClCompile Include="..\src\camera.c">
      <Filter>Source Files</Filter>
    </ClCompile>
    <ClCompile Include="..\src\object.c">
      <Filter>Source Files</Filter>
    </ClCompile>
    <ClCompile Include="..\src\exit.c">
      <Filter>Source Files</Filter>
    </ClCompile>
    <ClCompile Include="..\src\battle.c">
      <Filter>Source Files</Filter>
    </ClCompile>
  </ItemGroup>
  <ItemGroup>
    <ClInclude Include="..\include\entity.h">
      <Filter>Header Files</Filter>
    </ClInclude>
    <ClInclude Include="..\include\gf2d_draw.h">
      <Filter>Header Files</Filter>
    </ClInclude>
    <ClInclude Include="..\include\gf2d_graphics.h">
      <Filter>Header Files</Filter>
    </ClInclude>
    <ClInclude Include="..\include\gf2d_sprite.h">
      <Filter>Header Files</Filter>
    </ClInclude>
    <ClInclude Include="..\gfc\include\gfc_actions.h">
      <Filter>Header Files</Filter>
    </ClInclude>
    <ClInclude Include="..\gfc\include\gfc_audio.h">
      <Filter>Header Files</Filter>
    </ClInclude>
    <ClInclude Include="..\gfc\include\gfc_callbacks.h">
      <Filter>Header Files</Filter>
    </ClInclude>
    <ClInclude Include="..\gfc\include\gfc_color.h">
      <Filter>Header Files</Filter>
    </ClInclude>
    <ClInclude Include="..\gfc\include\gfc_config.h">
      <Filter>Header Files</Filter>
    </ClInclude>
    <ClInclude Include="..\gfc\include\gfc_config_def.h">
      <Filter>Header Files</Filter>
    </ClInclude>
    <ClInclude Include="..\gfc\include\gfc_decode.h">
      <Filter>Header Files</Filter>
    </ClInclude>
    <ClInclude Include="..\gfc\include\gfc_hashmap.h">
      <Filter>Header Files</Filter>
    </ClInclude>
    <ClInclude Include="..\gfc\include\gfc_input.h">
      <Filter>Header Files</Filter>
    </ClInclude>
    <ClInclude Include="..\gfc\include\gfc_list.h">
      <Filter>Header Files</Filter>
    </ClInclude>
    <ClInclude Include="..\gfc\include\gfc_matrix.h">
      <Filter>Header Files</Filter>
    </ClInclude>
    <ClInclude Include="..\gfc\include\gfc_noise.h">
      <Filter>Header Files</Filter>
    </ClInclude>
    <ClInclude Include="..\gfc\include\gfc_pak.h">
      <Filter>Header Files</Filter>
    </ClInclude>
    <ClInclude Include="..\gfc\include\gfc_primitives.h">
      <Filter>Header Files</Filter>
    </ClInclude>
    <ClInclude Include="..\gfc\include\gfc_shape.h">
      <Filter>Header Files</Filter>
    </ClInclude>
    <ClInclude Include="..\gfc\include\gfc_string.h">
      <Filter>Header Files</Filter>
    </ClInclude>
    <ClInclude Include="..\gfc\include\gfc_text.h">
      <Filter>Header Files</Filter>
    </ClInclude>
    <ClInclude Include="..\gfc\include\gfc_types.h">
      <Filter>Header Files</Filter>
    </ClInclude>
    <ClInclude Include="..\gfc\include\gfc_vector.h">
      <Filter>Header Files</Filter>
    </ClInclude>
    <ClInclude Include="..\gfc\include\miniz.h">
      <Filter>Header Files</Filter>
    </ClInclude>
    <ClInclude Include="..\include\monster.h">
      <Filter>Header Files</Filter>
    </ClInclude>
    <ClInclude Include="..\include\player.h">
      <Filter>Header Files</Filter>
    </ClInclude>
    <ClInclude Include="..\gfc\simple_json\include\simple_json.h">
      <Filter>Header Files</Filter>
    </ClInclude>
    <ClInclude Include="..\gfc\simple_json\include\simple_json_array.h">
      <Filter>Header Files</Filter>
    </ClInclude>
    <ClInclude Include="..\gfc\simple_json\include\simple_json_error.h">
      <Filter>Header Files</Filter>
    </ClInclude>
    <ClInclude Include="..\gfc\simple_json\include\simple_json_list.h">
      <Filter>Header Files</Filter>
    </ClInclude>
    <ClInclude Include="..\gfc\simple_json\include\simple_json_object.h">
      <Filter>Header Files</Filter>
    </ClInclude>
    <ClInclude Include="..\gfc\simple_json\include\simple_json_parse.h">
      <Filter>Header Files</Filter>
    </ClInclude>
    <ClInclude Include="..\gfc\simple_json\include\simple_json_string.h">
      <Filter>Header Files</Filter>
    </ClInclude>
    <ClInclude Include="..\gfc\simple_json\include\simple_json_types.h">
      <Filter>Header Files</Filter>
    </ClInclude>
    <ClInclude Include="..\gfc\simple_json\include\simple_json_value.h">
      <Filter>Header Files</Filter>
    </ClInclude>
    <ClInclude Include="..\gfc\simple_logger\include\simple_logger.h">
      <Filter>Header Files</Filter>
    </ClInclude>
    <ClInclude Include="..\include\world.h">
      <Filter>Header Files</Filter>
    </ClInclude>
    <ClInclude Include="..\include\spawn.h">
      <Filter>Header Files</Filter>
    </ClInclude>
    <ClInclude Include="..\include\tileset.h">
      <Filter>Header Files</Filter>
    </ClInclude>
    <ClInclude Include="..\include\collision.h">
      <Filter>Header Files</Filter>
    </ClInclude>
    <ClInclude Include="..\include\ui.h">
      <Filter>Header Files</Filter>
    </ClInclude>
    <ClInclude Include="..\include\battle.h">
      <Filter>Header Files</Filter>
    </ClInclude>
    <ClInclude Include="..\include\object.h">
      <Filter>Header Files</Filter>
    </ClInclude>
    <ClInclude Include="..\include\exit.h">
      <Filter>Header Files</Filter>
    </ClInclude>
    <ClInclude Include="..\include\camera.h">
      <Filter>Header Files</Filter>
    </ClInclude>
  </ItemGroup>
  <ItemGroup>
    <None Include="..\def\player.def">
      <Filter>Def Files</Filter>
    </None>
    <None Include="..\gfc\sample_config\input.cfg">
      <Filter>Config Files</Filter>
    </None>
    <None Include="..\config\my_input.cfg">
      <Filter>Config Files</Filter>
    </None>
    <None Include="..\def\fierce1.def">
      <Filter>Def Files</Filter>
    </None>
    <None Include="..\def\levels\testLevel.level">
      <Filter>Def Files</Filter>
    </None>
    <None Include="..\def\items.def">
      <Filter>Def Files</Filter>
    </None>
    <None Include="..\def\levels\fierce_domain.level">
      <Filter>Def Files</Filter>
    </None>
    <None Include="..\def\cave_d.def">
      <Filter>Def Files</Filter>
    </None>
    <None Include="..\def\cave_f.def">
      <Filter>Def Files</Filter>
    </None>
    <None Include="..\def\cunning1.def">
      <Filter>Def Files</Filter>
    </None>
    <None Include="..\def\docile.def">
      <Filter>Def Files</Filter>
    </None>
    <None Include="..\def\levels\cunning_domain.level">
      <Filter>Def Files</Filter>
    </None>
    <None Include="..\def\cave_c.def">
      <Filter>Def Files</Filter>
    </None>
    <None Include="..\def\fierce2.def">
      <Filter>Def Files</Filter>
    </None>
    <None Include="..\def\docile_amphi.def">
      <Filter>Def Files</Filter>
    </None>
    <None Include="..\def\levels\docile_domain.level">
      <Filter>Def Files</Filter>
    </None>
  </ItemGroup>
</Project>